
Microsoft Visual Studio Solution File, Format Version 12.00
# Visual Studio Version 16
VisualStudioVersion = 16.0.30611.23
MinimumVisualStudioVersion = 10.0.40219.1
Project("{FAE04EC0-301F-11D3-BF4B-00C04F79EFBC}") = "Win32", "Win32/Win32.csproj", "{FABB099B-ED2C-4A0E-BDEB-57B2D5FE80BD}"
EndProject
Global
	GlobalSection(SolutionConfigurationPlatforms) = preSolution
		Debug|Any CPU = Debug|Any CPU
		Release|Any CPU = Release|Any CPU
	EndGlobalSection
	GlobalSection(ProjectConfigurationPlatforms) = postSolution
		{FABB099B-ED2C-4A0E-BDEB-57B2D5FE80BD}.Debug|Any CPU.ActiveCfg = Debug|Any CPU
		{FABB099B-ED2C-4A0E-BDEB-57B2D5FE80BD}.Debug|Any CPU.Build.0 = Debug|Any CPU
		{FABB099B-ED2C-4A0E-BDEB-57B2D5FE80BD}.Release|Any CPU.ActiveCfg = Release|Any CPU
		{FABB099B-ED2C-4A0E-BDEB-57B2D5FE80BD}.Release|Any CPU.Build.0 = Release|Any CPU
	EndGlobalSection
	GlobalSection(SolutionProperties) = preSolution
		HideSolutionNode = FALSE
	EndGlobalSection
	GlobalSection(ExtensibilityGlobals) = postSolution
		SolutionGuid = {0D4C502D-CBB9-4CB3-B001-C4153CE261EA}
	EndGlobalSection
EndGlobal
